{
  "name": "live_23",
  "lockfileVersion": 2,
  "requires": true,
  "packages": {
    "": {
      "dependencies": {
        "swapper": "^1.1.6"
      }
    },
    "node_modules/swapper": {
      "version": "1.1.6",
      "resolved": "https://registry.npmjs.org/swapper/-/swapper-1.1.6.tgz",
      "integrity": "sha512-FTPkPA2ykgET+1bIxmey7o3MYFKLhf5WWItVtRtlz4zdp/b+ycRLPHmxZiIlDDeacJwx6FI+SYDIYcRdNR2CCg=="
    }
  },
  "dependencies": {
    "swapper": {
      "version": "1.1.6",
      "resolved": "https://registry.npmjs.org/swapper/-/swapper-1.1.6.tgz",
      "integrity": "sha512-FTPkPA2ykgET+1bIxmey7o3MYFKLhf5WWItVtRtlz4zdp/b+ycRLPHmxZiIlDDeacJwx6FI+SYDIYcRdNR2CCg=="
    }
  }
}
